
Microsoft Visual Studio Solution File, Format Version 12.00
# Visual Studio Version 17
VisualStudioVersion = 17.11.35327.3
MinimumVisualStudioVersion = 10.0.40219.1
Project("{FAE04EC0-301F-11D3-BF4B-00C04F79EFBC}") = "day of the week by date", "day of the week by date\day of the week by date.csproj", "{763D971B-18BA-414F-BEEF-AC5E9E84F651}"
EndProject
Global
	GlobalSection(SolutionConfigurationPlatforms) = preSolution
		Debug|Any CPU = Debug|Any CPU
		Release|Any CPU = Release|Any CPU
	EndGlobalSection
	GlobalSection(ProjectConfigurationPlatforms) = postSolution
		{763D971B-18BA-414F-BEEF-AC5E9E84F651}.Debug|Any CPU.ActiveCfg = Debug|Any CPU
		{763D971B-18BA-414F-BEEF-AC5E9E84F651}.Debug|Any CPU.Build.0 = Debug|Any CPU
		{763D971B-18BA-414F-BEEF-AC5E9E84F651}.Release|Any CPU.ActiveCfg = Release|Any CPU
		{763D971B-18BA-414F-BEEF-AC5E9E84F651}.Release|Any CPU.Build.0 = Release|Any CPU
	EndGlobalSection
	GlobalSection(SolutionProperties) = preSolution
		HideSolutionNode = FALSE
	EndGlobalSection
	GlobalSection(ExtensibilityGlobals) = postSolution
		SolutionGuid = {7CC47E00-2608-4DB4-A035-0F43E2A93ED1}
	EndGlobalSection
EndGlobal
