
Microsoft Visual Studio Solution File, Format Version 12.00
# Visual Studio Version 17
VisualStudioVersion = 17.11.35327.3
MinimumVisualStudioVersion = 10.0.40219.1
Project("{FAE04EC0-301F-11D3-BF4B-00C04F79EFBC}") = "runaway static", "runaway static\runaway static.csproj", "{2E367750-57CC-4921-B6E3-5566A7FC940B}"
EndProject
Global
	GlobalSection(SolutionConfigurationPlatforms) = preSolution
		Debug|Any CPU = Debug|Any CPU
		Release|Any CPU = Release|Any CPU
	EndGlobalSection
	GlobalSection(ProjectConfigurationPlatforms) = postSolution
		{2E367750-57CC-4921-B6E3-5566A7FC940B}.Debug|Any CPU.ActiveCfg = Debug|Any CPU
		{2E367750-57CC-4921-B6E3-5566A7FC940B}.Debug|Any CPU.Build.0 = Debug|Any CPU
		{2E367750-57CC-4921-B6E3-5566A7FC940B}.Release|Any CPU.ActiveCfg = Release|Any CPU
		{2E367750-57CC-4921-B6E3-5566A7FC940B}.Release|Any CPU.Build.0 = Release|Any CPU
	EndGlobalSection
	GlobalSection(SolutionProperties) = preSolution
		HideSolutionNode = FALSE
	EndGlobalSection
	GlobalSection(ExtensibilityGlobals) = postSolution
		SolutionGuid = {40B4291C-E7EF-44BF-8577-6010B286F374}
	EndGlobalSection
EndGlobal
